
Microsoft Visual Studio Solution File, Format Version 12.00
# Visual Studio 15
VisualStudioVersion = 15.0.27130.2010
MinimumVisualStudioVersion = 10.0.40219.1
Project("{888888A0-9F3D-457C-B088-3A5042F75D52}") = "advent-of-code-2017", "advent-of-code-2017.pyproj", "{75F4F349-90CD-47F8-B47D-742DDC9955B7}"
EndProject
Global
	GlobalSection(SolutionConfigurationPlatforms) = preSolution
		Debug|Any CPU = Debug|Any CPU
		Release|Any CPU = Release|Any CPU
	EndGlobalSection
	GlobalSection(ProjectConfigurationPlatforms) = postSolution
		{75F4F349-90CD-47F8-B47D-742DDC9955B7}.Debug|Any CPU.ActiveCfg = Debug|Any CPU
		{75F4F349-90CD-47F8-B47D-742DDC9955B7}.Release|Any CPU.ActiveCfg = Release|Any CPU
	EndGlobalSection
	GlobalSection(SolutionProperties) = preSolution
		HideSolutionNode = FALSE
	EndGlobalSection
	GlobalSection(ExtensibilityGlobals) = postSolution
		SolutionGuid = {E64CA9EC-3442-4DA4-8F5A-A404641FF324}
	EndGlobalSection
EndGlobal
